
Microsoft Visual Studio Solution File, Format Version 12.00
# Visual Studio 15
VisualStudioVersion = 15.0.27130.2036
MinimumVisualStudioVersion = 10.0.40219.1
Project("{9A19103F-16F7-4668-BE54-9A1E7A4F7556}") = "Ulis.Net.Library", "Ulis.Net.Library\Ulis.Net.Library.csproj", "{40297E68-56FC-435D-945B-79970B410349}"
EndProject
Project("{9A19103F-16F7-4668-BE54-9A1E7A4F7556}") = "Ulis.Net.BulkImport", "Ulis.Net.BulkImport\Ulis.Net.BulkImport.csproj", "{E8CB7C98-5AB1-49DE-A1A7-81287B74AD9E}"
EndProject
Project("{FAE04EC0-301F-11D3-BF4B-00C04F79EFBC}") = "Ulis.Net.Dialog", "Ulis.Net.Dialog\Ulis.Net.Dialog.csproj", "{ECE270A3-F076-4884-BC04-CC06D81F7E95}"
EndProject
Project("{FAE04EC0-301F-11D3-BF4B-00C04F79EFBC}") = "Ulis.Net.TrainBot", "Ulis.Net.TrainBot\Ulis.Net.TrainBot.csproj", "{664F5306-9177-48CB-842C-54A0F922545D}"
EndProject
Global
	GlobalSection(SolutionConfigurationPlatforms) = preSolution
		Debug|Any CPU = Debug|Any CPU
		Release|Any CPU = Release|Any CPU
	EndGlobalSection
	GlobalSection(ProjectConfigurationPlatforms) = postSolution
		{40297E68-56FC-435D-945B-79970B410349}.Debug|Any CPU.ActiveCfg = Debug|Any CPU
		{40297E68-56FC-435D-945B-79970B410349}.Debug|Any CPU.Build.0 = Debug|Any CPU
		{40297E68-56FC-435D-945B-79970B410349}.Release|Any CPU.ActiveCfg = Release|Any CPU
		{40297E68-56FC-435D-945B-79970B410349}.Release|Any CPU.Build.0 = Release|Any CPU
		{E8CB7C98-5AB1-49DE-A1A7-81287B74AD9E}.Debug|Any CPU.ActiveCfg = Debug|Any CPU
		{E8CB7C98-5AB1-49DE-A1A7-81287B74AD9E}.Debug|Any CPU.Build.0 = Debug|Any CPU
		{E8CB7C98-5AB1-49DE-A1A7-81287B74AD9E}.Release|Any CPU.ActiveCfg = Release|Any CPU
		{E8CB7C98-5AB1-49DE-A1A7-81287B74AD9E}.Release|Any CPU.Build.0 = Release|Any CPU
		{ECE270A3-F076-4884-BC04-CC06D81F7E95}.Debug|Any CPU.ActiveCfg = Debug|Any CPU
		{ECE270A3-F076-4884-BC04-CC06D81F7E95}.Debug|Any CPU.Build.0 = Debug|Any CPU
		{ECE270A3-F076-4884-BC04-CC06D81F7E95}.Release|Any CPU.ActiveCfg = Release|Any CPU
		{ECE270A3-F076-4884-BC04-CC06D81F7E95}.Release|Any CPU.Build.0 = Release|Any CPU
		{664F5306-9177-48CB-842C-54A0F922545D}.Debug|Any CPU.ActiveCfg = Debug|Any CPU
		{664F5306-9177-48CB-842C-54A0F922545D}.Debug|Any CPU.Build.0 = Debug|Any CPU
		{664F5306-9177-48CB-842C-54A0F922545D}.Release|Any CPU.ActiveCfg = Release|Any CPU
		{664F5306-9177-48CB-842C-54A0F922545D}.Release|Any CPU.Build.0 = Release|Any CPU
	EndGlobalSection
	GlobalSection(SolutionProperties) = preSolution
		HideSolutionNode = FALSE
	EndGlobalSection
	GlobalSection(ExtensibilityGlobals) = postSolution
		SolutionGuid = {EF8895EB-461A-46EF-AFDA-25969D6D823A}
	EndGlobalSection
EndGlobal
