
Microsoft Visual Studio Solution File, Format Version 12.00
# Visual Studio 15
VisualStudioVersion = 15.0.28307.421
MinimumVisualStudioVersion = 10.0.40219.1
Project("{9A19103F-16F7-4668-BE54-9A1E7A4F7556}") = "Ulis.Net.Library", "Ulis.Net.Library\Ulis.Net.Library.csproj", "{AA1A7768-C581-473A-A5DA-7192EAB53D8C}"
EndProject
Project("{9A19103F-16F7-4668-BE54-9A1E7A4F7556}") = "Ulis.Net.BulkImport", "Ulis.Net.BulkImport\Ulis.Net.BulkImport.csproj", "{64A7FE0D-DBA4-40FD-B4E1-A48FD1C32D2B}"
EndProject
Project("{FAE04EC0-301F-11D3-BF4B-00C04F79EFBC}") = "Ulis.Net.Recognizer", "Ulis.Net.Recognizer\Ulis.Net.Recognizer.csproj", "{5DAE374B-C13E-4531-A5EA-5EE8CCC75F61}"
EndProject
Global
	GlobalSection(SolutionConfigurationPlatforms) = preSolution
		Debug|Any CPU = Debug|Any CPU
		Release|Any CPU = Release|Any CPU
	EndGlobalSection
	GlobalSection(ProjectConfigurationPlatforms) = postSolution
		{AA1A7768-C581-473A-A5DA-7192EAB53D8C}.Debug|Any CPU.ActiveCfg = Debug|Any CPU
		{AA1A7768-C581-473A-A5DA-7192EAB53D8C}.Debug|Any CPU.Build.0 = Debug|Any CPU
		{AA1A7768-C581-473A-A5DA-7192EAB53D8C}.Release|Any CPU.ActiveCfg = Release|Any CPU
		{AA1A7768-C581-473A-A5DA-7192EAB53D8C}.Release|Any CPU.Build.0 = Release|Any CPU
		{64A7FE0D-DBA4-40FD-B4E1-A48FD1C32D2B}.Debug|Any CPU.ActiveCfg = Debug|Any CPU
		{64A7FE0D-DBA4-40FD-B4E1-A48FD1C32D2B}.Debug|Any CPU.Build.0 = Debug|Any CPU
		{64A7FE0D-DBA4-40FD-B4E1-A48FD1C32D2B}.Release|Any CPU.ActiveCfg = Release|Any CPU
		{64A7FE0D-DBA4-40FD-B4E1-A48FD1C32D2B}.Release|Any CPU.Build.0 = Release|Any CPU
		{5DAE374B-C13E-4531-A5EA-5EE8CCC75F61}.Debug|Any CPU.ActiveCfg = Debug|Any CPU
		{5DAE374B-C13E-4531-A5EA-5EE8CCC75F61}.Debug|Any CPU.Build.0 = Debug|Any CPU
		{5DAE374B-C13E-4531-A5EA-5EE8CCC75F61}.Release|Any CPU.ActiveCfg = Release|Any CPU
		{5DAE374B-C13E-4531-A5EA-5EE8CCC75F61}.Release|Any CPU.Build.0 = Release|Any CPU
	EndGlobalSection
	GlobalSection(SolutionProperties) = preSolution
		HideSolutionNode = FALSE
	EndGlobalSection
	GlobalSection(ExtensibilityGlobals) = postSolution
		SolutionGuid = {A0C94943-25D9-402F-A7E6-E0CC261C46D7}
	EndGlobalSection
EndGlobal
